{
	"name": "@dapplets/twitter-feature-2",
	"version": "0.3.3",
	"lockfileVersion": 1,
	"requires": true,
	"dependencies": {
		"@dapplets/dapplet-extension-types": {
			"version": "0.3.11",
			"resolved": "https://registry.npmjs.org/@dapplets/dapplet-extension-types/-/dapplet-extension-types-0.3.11.tgz",
			"integrity": "sha512-HZajnR3cZD3MF2PgN9pK4ziDNws8wVASLyxOWmoiBWE2FvVI6axdppF/ICTcuyucY8HZpg5IQ7DT2lwNswqgcw==",
			"dev": true
		}
	}
}
