{
  "name": "@dapplets/twitter-feature-2",
  "version": "0.1.0",
  "lockfileVersion": 1,
  "requires": true,
  "dependencies": {
    "@dapplets/dapplet-extension-types": {
      "version": "0.1.0",
      "dev": true
    },
    "@dapplets/twitter-adapter": {
      "version": "0.2.1",
      "dev": true,
      "dependencies": {
        "@dapplets/dapplet-extension-types": {
          "bundled": true
        }
      }
    }
  }
}
