{
	"name": "new.twitter-adapter.dapplet-base.eth",
	"version": "0.9.26",
	"lockfileVersion": 2,
	"requires": true,
	"packages": {
		"": {
			"name": "new.twitter-adapter.dapplet-base.eth",
			"version": "0.9.26",
			"license": "MIT",
			"dependencies": {
				"slideout": "^1.0.1"
			},
			"devDependencies": {
				"@types/slideout": "^0.1.19"
			}
		},
		"node_modules/@types/slideout": {
			"version": "0.1.19",
			"resolved": "https://registry.npmjs.org/@types/slideout/-/slideout-0.1.19.tgz",
			"integrity": "sha512-n4gKTL7mfLsCnnyfbKGYbZpY9CzuaxyCxjC6v0FHynMRxIEgdv/8LNpwuikyu2d1UcZPyAdQ/IRLekX2H4or9Q==",
			"dev": true
		},
		"node_modules/decouple": {
			"version": "0.0.2",
			"resolved": "https://registry.npmjs.org/decouple/-/decouple-0.0.2.tgz",
			"integrity": "sha1-yzc2QMN/mHpfaGZyTM1CSoD52aI="
		},
		"node_modules/emitter": {
			"version": "0.0.7",
			"resolved": "git+ssh://git@github.com/Mango/emitter.git#41ab8a3956269c7ed468bde50203e15b3274152f",
			"license": "MIT"
		},
		"node_modules/slideout": {
			"version": "1.0.1",
			"resolved": "https://registry.npmjs.org/slideout/-/slideout-1.0.1.tgz",
			"integrity": "sha1-SfL71+QVX+Db5tlZOPASJDVl9iU=",
			"dependencies": {
				"decouple": "0.0.2",
				"emitter": "git+https://github.com/Mango/emitter.git#0.0.7"
			}
		}
	},
	"dependencies": {
		"@types/slideout": {
			"version": "0.1.19",
			"resolved": "https://registry.npmjs.org/@types/slideout/-/slideout-0.1.19.tgz",
			"integrity": "sha512-n4gKTL7mfLsCnnyfbKGYbZpY9CzuaxyCxjC6v0FHynMRxIEgdv/8LNpwuikyu2d1UcZPyAdQ/IRLekX2H4or9Q==",
			"dev": true
		},
		"decouple": {
			"version": "0.0.2",
			"resolved": "https://registry.npmjs.org/decouple/-/decouple-0.0.2.tgz",
			"integrity": "sha1-yzc2QMN/mHpfaGZyTM1CSoD52aI="
		},
		"emitter": {
			"version": "git+ssh://git@github.com/Mango/emitter.git#41ab8a3956269c7ed468bde50203e15b3274152f",
			"from": "emitter@git+https://github.com/Mango/emitter.git#0.0.7"
		},
		"slideout": {
			"version": "1.0.1",
			"resolved": "https://registry.npmjs.org/slideout/-/slideout-1.0.1.tgz",
			"integrity": "sha1-SfL71+QVX+Db5tlZOPASJDVl9iU=",
			"requires": {
				"decouple": "0.0.2",
				"emitter": "git+https://github.com/Mango/emitter.git#0.0.7"
			}
		}
	}
}
