{
	"name": "twitter-adapter.dapplet-base.eth",
	"version": "0.5.1",
	"lockfileVersion": 2,
	"requires": true,
	"packages": {
		"": {
			"name": "twitter-adapter.dapplet-base.eth",
			"version": "0.5.1",
			"license": "MIT",
			"devDependencies": {
				"@dapplets/dapplet-extension": "latest"
			}
		},
		"node_modules/@dapplets/dapplet-extension": {
			"version": "0.23.1",
			"resolved": "https://registry.npmjs.org/@dapplets/dapplet-extension/-/dapplet-extension-0.23.1.tgz",
			"integrity": "sha512-GmqBuQzZ7ixpRv0rFP187Nu18ag/vhaM/4LVnzB9THsXVhWd9lVS2VyoDbecaySWVg3xMl2kfpsRnPaa75MnsQ==",
			"dev": true
		}
	},
	"dependencies": {
		"@dapplets/dapplet-extension": {
			"version": "0.23.1",
			"resolved": "https://registry.npmjs.org/@dapplets/dapplet-extension/-/dapplet-extension-0.23.1.tgz",
			"integrity": "sha512-GmqBuQzZ7ixpRv0rFP187Nu18ag/vhaM/4LVnzB9THsXVhWd9lVS2VyoDbecaySWVg3xMl2kfpsRnPaa75MnsQ==",
			"dev": true
		}
	}
}
