{
	"name": "@dapplets/twitter-adapter",
	"version": "0.3.4",
	"lockfileVersion": 1,
	"requires": true,
	"dependencies": {
		"@dapplets/dapplet-extension": {
			"version": "0.1.5",
			"resolved": "https://registry.npmjs.org/@dapplets/dapplet-extension/-/dapplet-extension-0.1.5.tgz",
			"integrity": "sha512-lePH33zHKVoY6B5bsIRYURq015zd0MZTsJZVpyo0isdcCYUirG2uWAP+7fKD3wboFbCQpWtnxl5lQF29AnZyUQ==",
			"dev": true
		}
	}
}
