{
	"name": "@dapplets/twitter-feature-1",
	"version": "0.3.1",
	"lockfileVersion": 1,
	"requires": true,
	"dependencies": {
		"@dapplets/dapplet-extension-types": {
			"version": "0.3.1",
			"resolved": "https://registry.npmjs.org/@dapplets/dapplet-extension-types/-/dapplet-extension-types-0.3.1.tgz",
			"integrity": "sha512-iQOqs6Pl4C8VP/fquSrHbI0pLw7wUc9sXAWEO02BST29GshW7UqMTQN2lchAI+EwDp9CEKIEKSIady+Rdm6a+Q==",
			"dev": true
		}
	}
}
