{
	"name": "twitter-feature-1.dapplet-base.eth",
	"version": "0.4.1",
	"lockfileVersion": 1,
	"requires": true,
	"dependencies": {
		"@dapplets/dapplet-extension": {
			"version": "0.7.0",
			"resolved": "https://registry.npmjs.org/@dapplets/dapplet-extension/-/dapplet-extension-0.7.0.tgz",
			"integrity": "sha512-QzZC+TvFY0DrJEtHbdkeW21fSFKFyDased473/GpzPLakiAwDGcGvEotQF4vM+1J1G0W8hgBs048tIWI/gVdxw==",
			"dev": true
		}
	}
}
