{
	"name": "@dapplets/twitter-feature-1",
	"version": "0.3.1",
	"lockfileVersion": 1,
	"requires": true,
	"dependencies": {
		"@dapplets/dapplet-extension-types": {
			"version": "0.3.8",
			"resolved": "https://registry.npmjs.org/@dapplets/dapplet-extension-types/-/dapplet-extension-types-0.3.8.tgz",
			"integrity": "sha512-o6YA7b7xCmZrb97jda/1pPG5jSccrL1Dg+zsZFsgwHVhjeVMXtC7yFfQi4Y2evqFaNYD2hiRarhTvtO0pffutA==",
			"dev": true
		}
	}
}
