{
  "name": "video-adapter.dapplet-base.eth",
  "version": "0.4.1",
  "lockfileVersion": 2,
  "requires": true,
  "packages": {
    "": {
      "name": "video-adapter.dapplet-base.eth",
      "version": "0.4.1",
      "license": "MIT",
      "dependencies": {
        "interactjs": "^1.10.11"
      },
      "devDependencies": {
        "dynamic-adapter.dapplet-base.eth": "^0.6.13"
      }
    },
    "../dynamic-adapter": {
      "name": "dynamic-adapter.dapplet-base.eth",
      "version": "0.6.14",
      "dev": true,
      "license": "MIT",
      "devDependencies": {}
    },
    "node_modules/@interactjs/types": {
      "version": "1.10.11",
      "resolved": "https://registry.npmjs.org/@interactjs/types/-/types-1.10.11.tgz",
      "integrity": "sha512-YRsVFWjL8Gkkvlx3qnjeaxW4fnibSJ9791g8BA7Pv5ANByI64WmtR1vU7A2rXcrOn8XvyCEfY0ss1s8NhZP+MA=="
    },
    "node_modules/dynamic-adapter.dapplet-base.eth": {
      "resolved": "../dynamic-adapter",
      "link": true
    },
    "node_modules/interactjs": {
      "version": "1.10.11",
      "resolved": "https://registry.npmjs.org/interactjs/-/interactjs-1.10.11.tgz",
      "integrity": "sha512-VPUWsGAOPmrZe1YF7Fq/4AIBBZ+3FikZRS8bpzT6VsAfUuhxl/CKJY73IAiZHd3fz9p174CXErn0Qs81XEFICA==",
      "dependencies": {
        "@interactjs/types": "1.10.11"
      }
    }
  },
  "dependencies": {
    "@interactjs/types": {
      "version": "1.10.11",
      "resolved": "https://registry.npmjs.org/@interactjs/types/-/types-1.10.11.tgz",
      "integrity": "sha512-YRsVFWjL8Gkkvlx3qnjeaxW4fnibSJ9791g8BA7Pv5ANByI64WmtR1vU7A2rXcrOn8XvyCEfY0ss1s8NhZP+MA=="
    },
    "dynamic-adapter.dapplet-base.eth": {
      "version": "file:../dynamic-adapter"
    },
    "interactjs": {
      "version": "1.10.11",
      "resolved": "https://registry.npmjs.org/interactjs/-/interactjs-1.10.11.tgz",
      "integrity": "sha512-VPUWsGAOPmrZe1YF7Fq/4AIBBZ+3FikZRS8bpzT6VsAfUuhxl/CKJY73IAiZHd3fz9p174CXErn0Qs81XEFICA==",
      "requires": {
        "@interactjs/types": "1.10.11"
      }
    }
  }
}
