{
	"name": "social-feature-1.dapplet-base.eth",
	"version": "0.1.2",
	"lockfileVersion": 1,
	"requires": true,
	"dependencies": {
		"@dapplets/dapplet-extension": {
			"version": "0.20.3",
			"resolved": "https://registry.npmjs.org/@dapplets/dapplet-extension/-/dapplet-extension-0.20.3.tgz",
			"integrity": "sha512-pZpLLdsbpbra0x/8VRzCtTExpaxkET8CvXVIZtgkxQMnI2qEEF3ShtTycGuatS1Rc3TYCwptofjw1iS8k5t7fQ==",
			"dev": true,
			"requires": {
				"@walletconnect/client": "^1.3.1"
			}
		},
		"@walletconnect/client": {
			"version": "1.3.1",
			"resolved": "https://registry.npmjs.org/@walletconnect/client/-/client-1.3.1.tgz",
			"integrity": "sha512-G3bgGaALxffiZB6HaCAX6BvIRFYSOClvdcCN3fKfczEYYkOHrrgeEksY7oX5GXXZdNNn4s/zt+5yWnySuA+3Zg==",
			"dev": true,
			"requires": {
				"@walletconnect/core": "^1.3.1",
				"@walletconnect/iso-crypto": "^1.3.1",
				"@walletconnect/types": "^1.3.1",
				"@walletconnect/utils": "^1.3.1"
			}
		},
		"@walletconnect/core": {
			"version": "1.3.1",
			"resolved": "https://registry.npmjs.org/@walletconnect/core/-/core-1.3.1.tgz",
			"integrity": "sha512-v0RAW4RqcMBNRkX2e6VcOVpBl5dX0oT7w3vWMiHUHwuMMnuoRXoXi1oEiib0K8VyqYuXSaeuEaaHUhYUEcvvtQ==",
			"dev": true,
			"requires": {
				"@walletconnect/socket-transport": "^1.3.1",
				"@walletconnect/types": "^1.3.1",
				"@walletconnect/utils": "^1.3.1"
			}
		},
		"@walletconnect/iso-crypto": {
			"version": "1.3.1",
			"resolved": "https://registry.npmjs.org/@walletconnect/iso-crypto/-/iso-crypto-1.3.1.tgz",
			"integrity": "sha512-u5YGYsaSQuRBSxX1623220Bc3KZDgqkIwXCt7PV8UyzhuSFp+SQGj6Cux5SoVlaUChr0iWMzkibLrKSof3yStA==",
			"dev": true,
			"requires": {
				"@walletconnect/types": "^1.3.1",
				"@walletconnect/utils": "^1.3.1",
				"eccrypto-js": "5.2.0"
			}
		},
		"@walletconnect/socket-transport": {
			"version": "1.3.1",
			"resolved": "https://registry.npmjs.org/@walletconnect/socket-transport/-/socket-transport-1.3.1.tgz",
			"integrity": "sha512-JV/ZJbFGmPJaHcT5GpiuoOxdB5xlkY7SW6J0GDqIBxI92mlOoQ5ea6xY5ullI5WUXZJUIvXcgUHf/KpPG9VN/w==",
			"dev": true,
			"requires": {
				"@walletconnect/types": "^1.3.1",
				"ws": "7.3.0"
			}
		},
		"@walletconnect/types": {
			"version": "1.3.1",
			"resolved": "https://registry.npmjs.org/@walletconnect/types/-/types-1.3.1.tgz",
			"integrity": "sha512-lf8hAFT7OIEgyc0FkLZPPjF4bMql+Svg4SNKj1a1oMTCdA+NPlqMUwOqcIJeIolULZbpFl3DkX3omSy8RNIbkg==",
			"dev": true
		},
		"@walletconnect/utils": {
			"version": "1.3.1",
			"resolved": "https://registry.npmjs.org/@walletconnect/utils/-/utils-1.3.1.tgz",
			"integrity": "sha512-r1pfAeXc6WCNbHf5zgVPenM8au+bQOYot6tdwpSDZAfdP0KtwmZ9Uro2uP8ykRWovTj2gGgKE+GMh9yVVTraaQ==",
			"dev": true,
			"requires": {
				"@walletconnect/types": "^1.3.1",
				"detect-browser": "5.1.0",
				"enc-utils": "2.1.0",
				"js-sha3": "0.8.0",
				"query-string": "6.13.5",
				"rpc-payload-id": "1.0.0",
				"safe-json-utils": "1.0.0",
				"window-getters": "1.0.0",
				"window-metadata": "1.0.0"
			}
		},
		"aes-js": {
			"version": "3.1.2",
			"resolved": "https://registry.npmjs.org/aes-js/-/aes-js-3.1.2.tgz",
			"integrity": "sha512-e5pEa2kBnBOgR4Y/p20pskXI74UEz7de8ZGVo58asOtvSVG5YAbJeELPZxOmt+Bnz3rX753YKhfIn4X4l1PPRQ==",
			"dev": true
		},
		"bindings": {
			"version": "1.5.0",
			"resolved": "https://registry.npmjs.org/bindings/-/bindings-1.5.0.tgz",
			"integrity": "sha512-p2q/t/mhvuOj/UeLlV6566GD/guowlr0hHxClI0W9m7MWYkL1F0hLo+0Aexs9HSPCtR1SXQ0TD3MMKrXZajbiQ==",
			"dev": true,
			"requires": {
				"file-uri-to-path": "1.0.0"
			}
		},
		"bip66": {
			"version": "1.1.5",
			"resolved": "https://registry.npmjs.org/bip66/-/bip66-1.1.5.tgz",
			"integrity": "sha1-AfqHSHhcpwlV1QESF9GzE5lpyiI=",
			"dev": true,
			"requires": {
				"safe-buffer": "^5.0.1"
			}
		},
		"bn.js": {
			"version": "4.11.8",
			"resolved": "https://registry.npmjs.org/bn.js/-/bn.js-4.11.8.tgz",
			"integrity": "sha512-ItfYfPLkWHUjckQCk8xC+LwxgK8NYcXywGigJgSwOP8Y2iyWT4f2vsZnoOXTTbo+o5yXmIUJ4gn5538SO5S3gA==",
			"dev": true
		},
		"brorand": {
			"version": "1.1.0",
			"resolved": "https://registry.npmjs.org/brorand/-/brorand-1.1.0.tgz",
			"integrity": "sha1-EsJe/kCkXjwyPrhnWgoM5XsiNx8=",
			"dev": true
		},
		"browserify-aes": {
			"version": "1.2.0",
			"resolved": "https://registry.npmjs.org/browserify-aes/-/browserify-aes-1.2.0.tgz",
			"integrity": "sha512-+7CHXqGuspUn/Sl5aO7Ea0xWGAtETPXNSAjHo48JfLdPWcMng33Xe4znFvQweqc/uzk5zSOI3H52CYnjCfb5hA==",
			"dev": true,
			"requires": {
				"buffer-xor": "^1.0.3",
				"cipher-base": "^1.0.0",
				"create-hash": "^1.1.0",
				"evp_bytestokey": "^1.0.3",
				"inherits": "^2.0.1",
				"safe-buffer": "^5.0.1"
			}
		},
		"buffer-xor": {
			"version": "1.0.3",
			"resolved": "https://registry.npmjs.org/buffer-xor/-/buffer-xor-1.0.3.tgz",
			"integrity": "sha1-JuYe0UIvtw3ULm42cp7VHYVf6Nk=",
			"dev": true
		},
		"cipher-base": {
			"version": "1.0.4",
			"resolved": "https://registry.npmjs.org/cipher-base/-/cipher-base-1.0.4.tgz",
			"integrity": "sha512-Kkht5ye6ZGmwv40uUDZztayT2ThLQGfnj/T71N/XzeZeo3nf8foyW7zGTsPYkEya3m5f3cAypH+qe7YOrM1U2Q==",
			"dev": true,
			"requires": {
				"inherits": "^2.0.1",
				"safe-buffer": "^5.0.1"
			}
		},
		"create-hash": {
			"version": "1.2.0",
			"resolved": "https://registry.npmjs.org/create-hash/-/create-hash-1.2.0.tgz",
			"integrity": "sha512-z00bCGNHDG8mHAkP7CtT1qVu+bFQUPjYq/4Iv3C3kWjTFV10zIjfSoeqXo9Asws8gwSHDGj/hl2u4OGIjapeCg==",
			"dev": true,
			"requires": {
				"cipher-base": "^1.0.1",
				"inherits": "^2.0.1",
				"md5.js": "^1.3.4",
				"ripemd160": "^2.0.1",
				"sha.js": "^2.4.0"
			}
		},
		"create-hmac": {
			"version": "1.1.7",
			"resolved": "https://registry.npmjs.org/create-hmac/-/create-hmac-1.1.7.tgz",
			"integrity": "sha512-MJG9liiZ+ogc4TzUwuvbER1JRdgvUFSB5+VR/g5h82fGaIRWMWddtKBHi7/sVhfjQZ6SehlyhvQYrcYkaUIpLg==",
			"dev": true,
			"requires": {
				"cipher-base": "^1.0.3",
				"create-hash": "^1.1.0",
				"inherits": "^2.0.1",
				"ripemd160": "^2.0.0",
				"safe-buffer": "^5.0.1",
				"sha.js": "^2.4.8"
			}
		},
		"decode-uri-component": {
			"version": "0.2.0",
			"resolved": "https://registry.npmjs.org/decode-uri-component/-/decode-uri-component-0.2.0.tgz",
			"integrity": "sha1-6zkTMzRYd1y4TNGh+uBiEGu4dUU=",
			"dev": true
		},
		"detect-browser": {
			"version": "5.1.0",
			"resolved": "https://registry.npmjs.org/detect-browser/-/detect-browser-5.1.0.tgz",
			"integrity": "sha512-WKa9p+/MNwmTiS+V2AS6eGxic+807qvnV3hC+4z2GTY+F42h1n8AynVTMMc4EJBC32qMs6yjOTpeDEQQt/AVqQ==",
			"dev": true
		},
		"drbg.js": {
			"version": "1.0.1",
			"resolved": "https://registry.npmjs.org/drbg.js/-/drbg.js-1.0.1.tgz",
			"integrity": "sha1-Pja2xCs3BDgjzbwzLVjzHiRFSAs=",
			"dev": true,
			"requires": {
				"browserify-aes": "^1.0.6",
				"create-hash": "^1.1.2",
				"create-hmac": "^1.1.4"
			}
		},
		"eccrypto-js": {
			"version": "5.2.0",
			"resolved": "https://registry.npmjs.org/eccrypto-js/-/eccrypto-js-5.2.0.tgz",
			"integrity": "sha512-pPb6CMapJ1LIzjLWxMqlrnfaEFap7qkk9wcO/b4AVSdxBQYlpOqvlPpq5SpUI4FdmfdhVD34AjN47fM8fryC4A==",
			"dev": true,
			"requires": {
				"aes-js": "3.1.2",
				"enc-utils": "2.1.0",
				"hash.js": "1.1.7",
				"js-sha3": "0.8.0",
				"randombytes": "2.1.0",
				"secp256k1": "3.8.0"
			}
		},
		"elliptic": {
			"version": "6.5.3",
			"resolved": "https://registry.npmjs.org/elliptic/-/elliptic-6.5.3.tgz",
			"integrity": "sha512-IMqzv5wNQf+E6aHeIqATs0tOLeOTwj1QKbRcS3jBbYkl5oLAserA8yJTT7/VyHUYG91PRmPyeQDObKLPpeS4dw==",
			"dev": true,
			"requires": {
				"bn.js": "^4.4.0",
				"brorand": "^1.0.1",
				"hash.js": "^1.0.0",
				"hmac-drbg": "^1.0.0",
				"inherits": "^2.0.1",
				"minimalistic-assert": "^1.0.0",
				"minimalistic-crypto-utils": "^1.0.0"
			}
		},
		"enc-utils": {
			"version": "2.1.0",
			"resolved": "https://registry.npmjs.org/enc-utils/-/enc-utils-2.1.0.tgz",
			"integrity": "sha512-VD0eunGDyzhojePzkORWDnW88gi6tIeGb5Z6QVHugux6mMAPiXyw94fb/7WdDQEWhKMSoYRyzFFUebCqeH20PA==",
			"dev": true,
			"requires": {
				"bn.js": "4.11.8",
				"is-typedarray": "1.0.0",
				"typedarray-to-buffer": "3.1.5"
			}
		},
		"evp_bytestokey": {
			"version": "1.0.3",
			"resolved": "https://registry.npmjs.org/evp_bytestokey/-/evp_bytestokey-1.0.3.tgz",
			"integrity": "sha512-/f2Go4TognH/KvCISP7OUsHn85hT9nUkxxA9BEWxFn+Oj9o8ZNLm/40hdlgSLyuOimsrTKLUMEorQexp/aPQeA==",
			"dev": true,
			"requires": {
				"md5.js": "^1.3.4",
				"safe-buffer": "^5.1.1"
			}
		},
		"file-uri-to-path": {
			"version": "1.0.0",
			"resolved": "https://registry.npmjs.org/file-uri-to-path/-/file-uri-to-path-1.0.0.tgz",
			"integrity": "sha512-0Zt+s3L7Vf1biwWZ29aARiVYLx7iMGnEUl9x33fbB/j3jR81u/O2LbqK+Bm1CDSNDKVtJ/YjwY7TUd5SkeLQLw==",
			"dev": true
		},
		"hash-base": {
			"version": "3.1.0",
			"resolved": "https://registry.npmjs.org/hash-base/-/hash-base-3.1.0.tgz",
			"integrity": "sha512-1nmYp/rhMDiE7AYkDw+lLwlAzz0AntGIe51F3RfFfEqyQ3feY2eI/NcwC6umIQVOASPMsWJLJScWKSSvzL9IVA==",
			"dev": true,
			"requires": {
				"inherits": "^2.0.4",
				"readable-stream": "^3.6.0",
				"safe-buffer": "^5.2.0"
			}
		},
		"hash.js": {
			"version": "1.1.7",
			"resolved": "https://registry.npmjs.org/hash.js/-/hash.js-1.1.7.tgz",
			"integrity": "sha512-taOaskGt4z4SOANNseOviYDvjEJinIkRgmp7LbKP2YTTmVxWBl87s/uzK9r+44BclBSp2X7K1hqeNfz9JbBeXA==",
			"dev": true,
			"requires": {
				"inherits": "^2.0.3",
				"minimalistic-assert": "^1.0.1"
			}
		},
		"hmac-drbg": {
			"version": "1.0.1",
			"resolved": "https://registry.npmjs.org/hmac-drbg/-/hmac-drbg-1.0.1.tgz",
			"integrity": "sha1-0nRXAQJabHdabFRXk+1QL8DGSaE=",
			"dev": true,
			"requires": {
				"hash.js": "^1.0.3",
				"minimalistic-assert": "^1.0.0",
				"minimalistic-crypto-utils": "^1.0.1"
			}
		},
		"inherits": {
			"version": "2.0.4",
			"resolved": "https://registry.npmjs.org/inherits/-/inherits-2.0.4.tgz",
			"integrity": "sha512-k/vGaX4/Yla3WzyMCvTQOXYeIHvqOKtnqBduzTHpzpQZzAskKMhZ2K+EnBiSM9zGSoIFeMpXKxa4dYeZIQqewQ==",
			"dev": true
		},
		"is-typedarray": {
			"version": "1.0.0",
			"resolved": "https://registry.npmjs.org/is-typedarray/-/is-typedarray-1.0.0.tgz",
			"integrity": "sha1-5HnICFjfDBsR3dppQPlgEfzaSpo=",
			"dev": true
		},
		"js-sha3": {
			"version": "0.8.0",
			"resolved": "https://registry.npmjs.org/js-sha3/-/js-sha3-0.8.0.tgz",
			"integrity": "sha512-gF1cRrHhIzNfToc802P800N8PpXS+evLLXfsVpowqmAFR9uwbi89WvXg2QspOmXL8QL86J4T1EpFu+yUkwJY3Q==",
			"dev": true
		},
		"md5.js": {
			"version": "1.3.5",
			"resolved": "https://registry.npmjs.org/md5.js/-/md5.js-1.3.5.tgz",
			"integrity": "sha512-xitP+WxNPcTTOgnTJcrhM0xvdPepipPSf3I8EIpGKeFLjt3PlJLIDG3u8EX53ZIubkb+5U2+3rELYpEhHhzdkg==",
			"dev": true,
			"requires": {
				"hash-base": "^3.0.0",
				"inherits": "^2.0.1",
				"safe-buffer": "^5.1.2"
			}
		},
		"minimalistic-assert": {
			"version": "1.0.1",
			"resolved": "https://registry.npmjs.org/minimalistic-assert/-/minimalistic-assert-1.0.1.tgz",
			"integrity": "sha512-UtJcAD4yEaGtjPezWuO9wC4nwUnVH/8/Im3yEHQP4b67cXlD/Qr9hdITCU1xDbSEXg2XKNaP8jsReV7vQd00/A==",
			"dev": true
		},
		"minimalistic-crypto-utils": {
			"version": "1.0.1",
			"resolved": "https://registry.npmjs.org/minimalistic-crypto-utils/-/minimalistic-crypto-utils-1.0.1.tgz",
			"integrity": "sha1-9sAMHAsIIkblxNmd+4x8CDsrWCo=",
			"dev": true
		},
		"nan": {
			"version": "2.14.2",
			"resolved": "https://registry.npmjs.org/nan/-/nan-2.14.2.tgz",
			"integrity": "sha512-M2ufzIiINKCuDfBSAUr1vWQ+vuVcA9kqx8JJUsbQi6yf1uGRyb7HfpdfUr5qLXf3B/t8dPvcjhKMmlfnP47EzQ==",
			"dev": true
		},
		"query-string": {
			"version": "6.13.5",
			"resolved": "https://registry.npmjs.org/query-string/-/query-string-6.13.5.tgz",
			"integrity": "sha512-svk3xg9qHR39P3JlHuD7g3nRnyay5mHbrPctEBDUxUkHRifPHXJDhBUycdCC0NBjXoDf44Gb+IsOZL1Uwn8M/Q==",
			"dev": true,
			"requires": {
				"decode-uri-component": "^0.2.0",
				"split-on-first": "^1.0.0",
				"strict-uri-encode": "^2.0.0"
			}
		},
		"randombytes": {
			"version": "2.1.0",
			"resolved": "https://registry.npmjs.org/randombytes/-/randombytes-2.1.0.tgz",
			"integrity": "sha512-vYl3iOX+4CKUWuxGi9Ukhie6fsqXqS9FE2Zaic4tNFD2N2QQaXOMFbuKK4QmDHC0JO6B1Zp41J0LpT0oR68amQ==",
			"dev": true,
			"requires": {
				"safe-buffer": "^5.1.0"
			}
		},
		"readable-stream": {
			"version": "3.6.0",
			"resolved": "https://registry.npmjs.org/readable-stream/-/readable-stream-3.6.0.tgz",
			"integrity": "sha512-BViHy7LKeTz4oNnkcLJ+lVSL6vpiFeX6/d3oSH8zCW7UxP2onchk+vTGB143xuFjHS3deTgkKoXXymXqymiIdA==",
			"dev": true,
			"requires": {
				"inherits": "^2.0.3",
				"string_decoder": "^1.1.1",
				"util-deprecate": "^1.0.1"
			}
		},
		"ripemd160": {
			"version": "2.0.2",
			"resolved": "https://registry.npmjs.org/ripemd160/-/ripemd160-2.0.2.tgz",
			"integrity": "sha512-ii4iagi25WusVoiC4B4lq7pbXfAp3D9v5CwfkY33vffw2+pkDjY1D8GaN7spsxvCSx8dkPqOZCEZyfxcmJG2IA==",
			"dev": true,
			"requires": {
				"hash-base": "^3.0.0",
				"inherits": "^2.0.1"
			}
		},
		"rpc-payload-id": {
			"version": "1.0.0",
			"resolved": "https://registry.npmjs.org/rpc-payload-id/-/rpc-payload-id-1.0.0.tgz",
			"integrity": "sha512-Nd8ZfqqVtoPqpqz69pGHn+83XKlyGOAkj33MdoNfwnFW+jMWyLYvZsG6rqziu/KECb7hfrdeNa6J9oi0KQUH2w==",
			"dev": true
		},
		"safe-buffer": {
			"version": "5.2.1",
			"resolved": "https://registry.npmjs.org/safe-buffer/-/safe-buffer-5.2.1.tgz",
			"integrity": "sha512-rp3So07KcdmmKbGvgaNxQSJr7bGVSVk5S9Eq1F+ppbRo70+YeaDxkw5Dd8NPN+GD6bjnYm2VuPuCXmpuYvmCXQ==",
			"dev": true
		},
		"safe-json-utils": {
			"version": "1.0.0",
			"resolved": "https://registry.npmjs.org/safe-json-utils/-/safe-json-utils-1.0.0.tgz",
			"integrity": "sha512-n0hJm6BgX8wk3G+AS8MOQnfcA8dfE6ZMUfwkHUNx69YxPlU3HDaZTHXWto35Z+C4mOjK1odlT95WutkGC+0Idw==",
			"dev": true
		},
		"secp256k1": {
			"version": "3.8.0",
			"resolved": "https://registry.npmjs.org/secp256k1/-/secp256k1-3.8.0.tgz",
			"integrity": "sha512-k5ke5avRZbtl9Tqx/SA7CbY3NF6Ro+Sj9cZxezFzuBlLDmyqPiL8hJJ+EmzD8Ig4LUDByHJ3/iPOVoRixs/hmw==",
			"dev": true,
			"requires": {
				"bindings": "^1.5.0",
				"bip66": "^1.1.5",
				"bn.js": "^4.11.8",
				"create-hash": "^1.2.0",
				"drbg.js": "^1.0.1",
				"elliptic": "^6.5.2",
				"nan": "^2.14.0",
				"safe-buffer": "^5.1.2"
			}
		},
		"sha.js": {
			"version": "2.4.11",
			"resolved": "https://registry.npmjs.org/sha.js/-/sha.js-2.4.11.tgz",
			"integrity": "sha512-QMEp5B7cftE7APOjk5Y6xgrbWu+WkLVQwk8JNjZ8nKRciZaByEW6MubieAiToS7+dwvrjGhH8jRXz3MVd0AYqQ==",
			"dev": true,
			"requires": {
				"inherits": "^2.0.1",
				"safe-buffer": "^5.0.1"
			}
		},
		"split-on-first": {
			"version": "1.1.0",
			"resolved": "https://registry.npmjs.org/split-on-first/-/split-on-first-1.1.0.tgz",
			"integrity": "sha512-43ZssAJaMusuKWL8sKUBQXHWOpq8d6CfN/u1p4gUzfJkM05C8rxTmYrkIPTXapZpORA6LkkzcUulJ8FqA7Uudw==",
			"dev": true
		},
		"strict-uri-encode": {
			"version": "2.0.0",
			"resolved": "https://registry.npmjs.org/strict-uri-encode/-/strict-uri-encode-2.0.0.tgz",
			"integrity": "sha1-ucczDHBChi9rFC3CdLvMWGbONUY=",
			"dev": true
		},
		"string_decoder": {
			"version": "1.3.0",
			"resolved": "https://registry.npmjs.org/string_decoder/-/string_decoder-1.3.0.tgz",
			"integrity": "sha512-hkRX8U1WjJFd8LsDJ2yQ/wWWxaopEsABU1XfkM8A+j0+85JAGppt16cr1Whg6KIbb4okU6Mql6BOj+uup/wKeA==",
			"dev": true,
			"requires": {
				"safe-buffer": "~5.2.0"
			}
		},
		"typedarray-to-buffer": {
			"version": "3.1.5",
			"resolved": "https://registry.npmjs.org/typedarray-to-buffer/-/typedarray-to-buffer-3.1.5.tgz",
			"integrity": "sha512-zdu8XMNEDepKKR+XYOXAVPtWui0ly0NtohUscw+UmaHiAWT8hrV1rr//H6V+0DvJ3OQ19S979M0laLfX8rm82Q==",
			"dev": true,
			"requires": {
				"is-typedarray": "^1.0.0"
			}
		},
		"util-deprecate": {
			"version": "1.0.2",
			"resolved": "https://registry.npmjs.org/util-deprecate/-/util-deprecate-1.0.2.tgz",
			"integrity": "sha1-RQ1Nyfpw3nMnYvvS1KKJgUGaDM8=",
			"dev": true
		},
		"window-getters": {
			"version": "1.0.0",
			"resolved": "https://registry.npmjs.org/window-getters/-/window-getters-1.0.0.tgz",
			"integrity": "sha512-xyvEFq3x+7dCA7NFhqOmTMk0fPmmAzCUYL2svkw2LGBaXXQLRP0lFnfXHzysri9WZNMkzp/FD1u0w2Qc7Co+JA==",
			"dev": true
		},
		"window-metadata": {
			"version": "1.0.0",
			"resolved": "https://registry.npmjs.org/window-metadata/-/window-metadata-1.0.0.tgz",
			"integrity": "sha512-eYoXsZ9X4J+6xZgbHhNAatSR5bCtT409q8B+2Ol9ySx7qsdtgVZcNfox4qszFmKlGsFtT2b1Tcmcy69bRMObcg==",
			"dev": true,
			"requires": {
				"window-getters": "^1.0.0"
			}
		},
		"ws": {
			"version": "7.3.0",
			"resolved": "https://registry.npmjs.org/ws/-/ws-7.3.0.tgz",
			"integrity": "sha512-iFtXzngZVXPGgpTlP1rBqsUK82p9tKqsWRPg5L56egiljujJT3vGAYnHANvFxBieXrTFavhzhxW52jnaWV+w2w==",
			"dev": true
		}
	}
}
