{
	"name": "legacy.twitter-adapter.dapplet-base.eth",
	"version": "0.5.1",
	"lockfileVersion": 1,
	"requires": true,
	"dependencies": {
		"@dapplets/dapplet-extension": {
			"version": "0.8.0",
			"resolved": "https://registry.npmjs.org/@dapplets/dapplet-extension/-/dapplet-extension-0.8.0.tgz",
			"integrity": "sha512-NFoQIME1uV72slrC2/Zk0BZNZAURCj0z2geacJWn31jXFysQdnP0cBKAl6qBSI5AZT2NFWy92YPWwrzevTI+HA==",
			"dev": true
		}
	}
}
