{
	"name": "legacy.twitter-adapter.dapplet-base.eth",
	"version": "0.5.1",
	"lockfileVersion": 1,
	"requires": true,
	"dependencies": {
		"@dapplets/dapplet-extension": {
			"version": "0.13.0",
			"resolved": "https://registry.npmjs.org/@dapplets/dapplet-extension/-/dapplet-extension-0.13.0.tgz",
			"integrity": "sha512-Y9MJBGnvI601H3g8JTWHzvl/tCiJFNoiFxLDAJL/Rd1rGH31lYd535RQCnboPAsiouX4xhINNE58YCeV6BFLFA==",
			"dev": true
		}
	}
}
