{
	"name": "@dapplets/twitter-adapter-legacy",
	"version": "0.3.1",
	"lockfileVersion": 1,
	"requires": true,
	"dependencies": {
		"@dapplets/dapplet-extension-types": {
			"version": "0.3.4",
			"resolved": "https://registry.npmjs.org/@dapplets/dapplet-extension-types/-/dapplet-extension-types-0.3.4.tgz",
			"integrity": "sha512-vd1ypGT+pwn/jJnPMFP84gU1ngxzIWhnF+3qMKiDpjxo+0UA69VQadL0V05A3Rv1PRe5LB4X17629aO/O+bWyg==",
			"dev": true
		}
	}
}
