{
	"name": "@dapplets/twitter-feature-3",
	"version": "0.3.1",
	"lockfileVersion": 1,
	"requires": true,
	"dependencies": {
		"@dapplets/dapplet-extension-types": {
			"version": "0.3.10",
			"resolved": "https://registry.npmjs.org/@dapplets/dapplet-extension-types/-/dapplet-extension-types-0.3.10.tgz",
			"integrity": "sha512-Ad4hrgIeqTw2yixvoBY9P85bvUQ/5fVD2EoCPZG6bZMUPCldb2si4PzCwNv/iPnE29KX8ZwoecDE+F64C/PHCw==",
			"dev": true
		}
	}
}
