{
	"name": "dynamic-adapter.dapplet-base.eth",
	"version": "0.4.2",
	"lockfileVersion": 1,
	"requires": true,
	"dependencies": {
		"@dapplets/dapplet-extension": {
			"version": "0.13.2",
			"resolved": "https://registry.npmjs.org/@dapplets/dapplet-extension/-/dapplet-extension-0.13.2.tgz",
			"integrity": "sha512-X43oJTulekoCH2wNCJL73DDxMXkWYGx7pxFfTvYdY2mEcOvnNSL14RiSu+UcoSzt7ELFpwPUivxBVwDDORD89g==",
			"dev": true
		}
	}
}
